
Microsoft Visual Studio Solution File, Format Version 12.00
# Visual Studio Version 16
VisualStudioVersion = 16.0.33529.622
MinimumVisualStudioVersion = 10.0.40219.1
Project("{888888A0-9F3D-457C-B088-3A5042F75D52}") = "PythonTestApp", "PythonTestApp\PythonTestApp.pyproj", "{69925595-95B3-474F-9092-91588ECA1471}"
EndProject
Project("{888888A0-9F3D-457C-B088-3A5042F75D52}") = "PythonTestApp2", "PythonTestApp2\PythonTestApp2.pyproj", "{A665A0C0-4470-4AF8-92FA-83AE60080117}"
EndProject
Global
	GlobalSection(SolutionConfigurationPlatforms) = preSolution
		Debug|Any CPU = Debug|Any CPU
		Release|Any CPU = Release|Any CPU
	EndGlobalSection
	GlobalSection(ProjectConfigurationPlatforms) = postSolution
		{69925595-95B3-474F-9092-91588ECA1471}.Debug|Any CPU.ActiveCfg = Debug|Any CPU
		{69925595-95B3-474F-9092-91588ECA1471}.Release|Any CPU.ActiveCfg = Release|Any CPU
		{A665A0C0-4470-4AF8-92FA-83AE60080117}.Debug|Any CPU.ActiveCfg = Debug|Any CPU
		{A665A0C0-4470-4AF8-92FA-83AE60080117}.Release|Any CPU.ActiveCfg = Release|Any CPU
	EndGlobalSection
	GlobalSection(SolutionProperties) = preSolution
		HideSolutionNode = FALSE
	EndGlobalSection
	GlobalSection(ExtensibilityGlobals) = postSolution
		SolutionGuid = {69005AC1-5BA0-416F-A897-106FA9CC98B3}
	EndGlobalSection
EndGlobal
